
Microsoft Visual Studio Solution File, Format Version 12.00
# Visual Studio Version 16
VisualStudioVersion = 16.0.36631.11
MinimumVisualStudioVersion = 10.0.40219.1
Project("{FAE04EC0-301F-11D3-BF4B-00C04F79EFBC}") = "MrLabandero", "MrLabandero\MrLabandero.csproj", "{BDBA5FAC-D21F-4D8D-9283-61868930E73A}"
EndProject
Global
	GlobalSection(SolutionConfigurationPlatforms) = preSolution
		Debug|Any CPU = Debug|Any CPU
		Debug|x64 = Debug|x64
		Debug|x86 = Debug|x86
		Release|Any CPU = Release|Any CPU
		Release|x64 = Release|x64
		Release|x86 = Release|x86
	EndGlobalSection
	GlobalSection(ProjectConfigurationPlatforms) = postSolution
		{BDBA5FAC-D21F-4D8D-9283-61868930E73A}.Debug|Any CPU.ActiveCfg = Debug|x64
		{BDBA5FAC-D21F-4D8D-9283-61868930E73A}.Debug|Any CPU.Build.0 = Debug|x64
		{BDBA5FAC-D21F-4D8D-9283-61868930E73A}.Debug|x64.ActiveCfg = Debug|x64
		{BDBA5FAC-D21F-4D8D-9283-61868930E73A}.Debug|x64.Build.0 = Debug|x64
		{BDBA5FAC-D21F-4D8D-9283-61868930E73A}.Debug|x86.ActiveCfg = Debug|x86
		{BDBA5FAC-D21F-4D8D-9283-61868930E73A}.Debug|x86.Build.0 = Debug|x86
		{BDBA5FAC-D21F-4D8D-9283-61868930E73A}.Release|Any CPU.ActiveCfg = Release|Any CPU
		{BDBA5FAC-D21F-4D8D-9283-61868930E73A}.Release|Any CPU.Build.0 = Release|Any CPU
		{BDBA5FAC-D21F-4D8D-9283-61868930E73A}.Release|x64.ActiveCfg = Release|x64
		{BDBA5FAC-D21F-4D8D-9283-61868930E73A}.Release|x64.Build.0 = Release|x64
		{BDBA5FAC-D21F-4D8D-9283-61868930E73A}.Release|x86.ActiveCfg = Release|x86
		{BDBA5FAC-D21F-4D8D-9283-61868930E73A}.Release|x86.Build.0 = Release|x86
	EndGlobalSection
	GlobalSection(SolutionProperties) = preSolution
		HideSolutionNode = FALSE
	EndGlobalSection
	GlobalSection(ExtensibilityGlobals) = postSolution
		SolutionGuid = {D7E55AA3-826D-4C70-9BB3-691FF756F4EA}
	EndGlobalSection
EndGlobal
